
Microsoft Visual Studio Solution File, Format Version 12.00
# Visual Studio 15
VisualStudioVersion = 15.0.28307.489
MinimumVisualStudioVersion = 10.0.40219.1
Project("{FAE04EC0-301F-11D3-BF4B-00C04F79EFBC}") = "FutbolOyunu", "FutbolOyunu\FutbolOyunu.csproj", "{161537B9-FC26-478D-82EE-8F9970BD81DC}"
EndProject
Global
	GlobalSection(SolutionConfigurationPlatforms) = preSolution
		Debug|Any CPU = Debug|Any CPU
		Release|Any CPU = Release|Any CPU
	EndGlobalSection
	GlobalSection(ProjectConfigurationPlatforms) = postSolution
		{161537B9-FC26-478D-82EE-8F9970BD81DC}.Debug|Any CPU.ActiveCfg = Debug|Any CPU
		{161537B9-FC26-478D-82EE-8F9970BD81DC}.Debug|Any CPU.Build.0 = Debug|Any CPU
		{161537B9-FC26-478D-82EE-8F9970BD81DC}.Release|Any CPU.ActiveCfg = Release|Any CPU
		{161537B9-FC26-478D-82EE-8F9970BD81DC}.Release|Any CPU.Build.0 = Release|Any CPU
	EndGlobalSection
	GlobalSection(SolutionProperties) = preSolution
		HideSolutionNode = FALSE
	EndGlobalSection
	GlobalSection(ExtensibilityGlobals) = postSolution
		SolutionGuid = {BBCE864C-A2B5-43BD-9A9C-D93019DF6069}
	EndGlobalSection
EndGlobal
